# This file is autogenerated, do not edit; changes may be undone by the next 'dep ensure'.


[[projects]]
  digest = "1:ffe9824d294da03b391f44e1ae8281281b4afc1bdaa9588c9097785e3af10cec"
  name = "github.com/davecgh/go-spew"
  packages = ["spew"]
  pruneopts = "UT"
  revision = "8991bc29aa16c548c550c7ff78260e27b9ab7c73"
  version = "v1.1.1"

[[projects]]
  digest = "1:704b145137b5555c6bac6a7e52875e4df8a0a1b7ea74aaae864abcab61e672b0"
  name = "github.com/go-kit/kit"
  packages = [
    "log",
    "log/level",
    "log/term",
  ]
  pruneopts = "UT"
  revision = "4dc7be5d2d12881735283bcab7352178e190fc71"
  version = "v0.6.0"

[[projects]]
  digest = "1:31a18dae27a29aa074515e43a443abfd2ba6deb6d69309d8d7ce789c45f34659"
  name = "github.com/go-logfmt/logfmt"
  packages = ["."]
  pruneopts = "UT"
  revision = "390ab7935ee28ec6b286364bba9b4dd6410cb3d5"
  version = "v0.3.0"

[[projects]]
  digest = "1:586ea76dbd0374d6fb649a91d70d652b7fe0ccffb8910a77468e7702e7901f3d"
  name = "github.com/go-stack/stack"
  packages = ["."]
  pruneopts = "UT"
  revision = "2fee6af1a9795aafbe0253a0cfbdf668e1fb8a9a"
  version = "v1.8.0"

[[projects]]
  digest = "1:295c678b7bcd8a28f77c5bdb565b4f56a7710fcbf3754d78d2465bfdf44aef68"
  name = "github.com/gogo/protobuf"
  packages = [
    "gogoproto",
    "jsonpb",
    "proto",
    "protoc-gen-gogo/descriptor",
    "sortkeys",
    "types",
  ]
  pruneopts = "UT"
  revision = "1adfc126b41513cc696b209667c8656ea7aac67c"
  version = "v1.0.0"

[[projects]]
  digest = "1:4c0989ca0bcd10799064318923b9bc2db6b4d6338dd75f3f2d86c3511aaaf5cf"
  name = "github.com/golang/protobuf"
  packages = [
    "proto",
    "ptypes",
    "ptypes/any",
    "ptypes/duration",
    "ptypes/timestamp",
  ]
  pruneopts = "UT"
  revision = "aa810b61a9c79d51363740d207bb46cf8e620ed5"
  version = "v1.2.0"

[[projects]]
  branch = "master"
  digest = "1:4a0c6bb4805508a6287675fac876be2ac1182539ca8a32468d8128882e9d5009"
  name = "github.com/golang/snappy"
  packages = ["."]
  pruneopts = "UT"
  revision = "2e65f85255dbc3072edf28d6b5b8efc472979f5a"

[[projects]]
  branch = "master"
  digest = "1:0bfbe13936953a98ae3cfe8ed6670d396ad81edf069a806d2f6515d7bb6950df"
  name = "github.com/google/btree"
  packages = ["."]
  pruneopts = "UT"
  revision = "4030bb1f1f0c35b30ca7009e9ebd06849dd45306"

[[projects]]
  digest = "1:666e27fa7525907a1e487300c6b2d37183abe95b2a501d451e37f74b6df6d30c"
  name = "github.com/iov-one/weave"
  packages = [
    ".",
    "app",
    "cmd/bcpd/app",
    "commands",
    "commands/server",
    "crypto",
    "errors",
    "orm",
    "store",
    "store/iavl",
    "x",
    "x/cash",
    "x/escrow",
    "x/hashlock",
    "x/multisig",
    "x/namecoin",
    "x/sigs",
    "x/utils",
    "x/validators",
  ]
  pruneopts = "UT"
  revision = "8fe16f3b4978a7788d638aabe6d6a46c106bba7d"
  version = "v0.8.0"

[[projects]]
  branch = "master"
  digest = "1:5c3444689562053b027ef3b96372e306adbe0d7d109b6cdd48d01eb80f8bab14"
  name = "github.com/jinzhu/copier"
  packages = ["."]
  pruneopts = "UT"
  revision = "7e38e58719c33e0d44d585c4ab477a30f8cb82dd"

[[projects]]
  branch = "master"
  digest = "1:39b27d1381a30421f9813967a5866fba35dc1d4df43a6eefe3b7a5444cb07214"
  name = "github.com/jmhodges/levigo"
  packages = ["."]
  pruneopts = "UT"
  revision = "c42d9e0ca023e2198120196f842701bb4c55d7b9"

[[projects]]
  branch = "master"
  digest = "1:a64e323dc06b73892e5bb5d040ced475c4645d456038333883f58934abbf6f72"
  name = "github.com/kr/logfmt"
  packages = ["."]
  pruneopts = "UT"
  revision = "b84e30acd515aadc4b783ad4ff83aff3299bdfe0"

[[projects]]
  branch = "master"
  digest = "1:080ce91886ee54be8cb7e7ed1908531d7ee202c6b6578657396c056eb3fe399c"
  name = "github.com/lehajam/protoc-gen-weave"
  packages = ["x/bucket"]
  pruneopts = "UT"
  revision = "69852739079aba1b417d922910851314c1a128cb"

[[projects]]
  branch = "master"
  digest = "1:3bf17a6e6eaa6ad24152148a631d18662f7212e21637c2699bff3369b7f00fa2"
  name = "github.com/petar/GoLLRB"
  packages = ["llrb"]
  pruneopts = "UT"
  revision = "53be0d36a84c2a886ca057d34b6aa4468df9ccb4"

[[projects]]
  digest = "1:40e195917a951a8bf867cd05de2a46aaf1806c50cf92eebf4c16f78cd196f747"
  name = "github.com/pkg/errors"
  packages = ["."]
  pruneopts = "UT"
  revision = "645ef00459ed84a119197bfb8d8205042c6df63d"
  version = "v0.8.0"

[[projects]]
  digest = "1:0028cb19b2e4c3112225cd871870f2d9cf49b9b4276531f03438a88e94be86fe"
  name = "github.com/pmezard/go-difflib"
  packages = ["difflib"]
  pruneopts = "UT"
  revision = "792786c7400a136282c1664665ae0a8db921c6c2"
  version = "v1.0.0"

[[projects]]
  digest = "1:c40d65817cdd41fac9aa7af8bed56927bb2d6d47e4fea566a74880f5c2b1c41e"
  name = "github.com/stretchr/testify"
  packages = [
    "assert",
    "require",
  ]
  pruneopts = "UT"
  revision = "f35b8ab0b5a2cef36673838d662e249dd9c94686"
  version = "v1.2.2"

[[projects]]
  branch = "master"
  digest = "1:59483b8e8183f10ab21a85ba1f4cbb4a2335d48891801f79ed7b9499f44d383c"
  name = "github.com/syndtr/goleveldb"
  packages = [
    "leveldb",
    "leveldb/cache",
    "leveldb/comparer",
    "leveldb/errors",
    "leveldb/filter",
    "leveldb/iterator",
    "leveldb/journal",
    "leveldb/memdb",
    "leveldb/opt",
    "leveldb/storage",
    "leveldb/table",
    "leveldb/util",
  ]
  pruneopts = "UT"
  revision = "6b91fda63f2e36186f1c9d0e48578defb69c5d43"

[[projects]]
  digest = "1:2571e989949bfd8778b45643efbadfc75932801163bd322245085bf5c99f1503"
  name = "github.com/tendermint/abci"
  packages = [
    "server",
    "types",
  ]
  pruneopts = "UT"
  revision = "ebee2fe114020aa49c70bbbae50b7079fc7e7b90"
  version = "v0.11.0"

[[projects]]
  digest = "1:f337a92e77d4488c525fee47fa447f893b58c8c20b4bb4a6ded3b306b7ff248c"
  name = "github.com/tendermint/go-amino"
  packages = ["."]
  pruneopts = "UT"
  revision = "3c22a7a539411f89a96738fcfa14c1027e24e5ec"
  version = "0.9.10"

[[projects]]
  digest = "1:daab02ff615dc215dd50951d60e45c786cffe7afa0a8974a79ce97830cc35d70"
  name = "github.com/tendermint/iavl"
  packages = [
    ".",
    "sha256truncated",
  ]
  pruneopts = "UT"
  revision = "c9206995e8f948e99927f5084a88a7e94ca256da"
  version = "v0.8.0-rc0"

[[projects]]
  digest = "1:68921ddf468c0db04496dc49cc67948f1727a74520b1f1f06100bce5c65fa08b"
  name = "github.com/tendermint/tmlibs"
  packages = [
    "common",
    "db",
    "log",
  ]
  pruneopts = "UT"
  revision = "692f1d86a6e2c0efa698fd1e4541b68c74ffaf38"
  version = "v0.8.4"

[[projects]]
  branch = "master"
  digest = "1:d5891c5bca9c62e5d394ca26491d2b710a1dc08cedeb0ca8f9ac4c3305120b02"
  name = "golang.org/x/crypto"
  packages = [
    "ed25519",
    "ed25519/internal/edwards25519",
  ]
  pruneopts = "UT"
  revision = "74cb1d3d52f4c01cbfb44c1b50d204462f3124c7"

[[projects]]
  branch = "master"
  digest = "1:505dbee0833715a72a529bb57c354826ad42a4496fad787fa143699b4de1a6d0"
  name = "golang.org/x/net"
  packages = [
    "context",
    "http/httpguts",
    "http2",
    "http2/hpack",
    "idna",
    "internal/timeseries",
    "trace",
  ]
  pruneopts = "UT"
  revision = "9b4f9f5ad5197c79fd623a3638e70d8b26cef344"

[[projects]]
  digest = "1:a2ab62866c75542dd18d2b069fec854577a20211d7c0ea6ae746072a1dccdd18"
  name = "golang.org/x/text"
  packages = [
    "collate",
    "collate/build",
    "internal/colltab",
    "internal/gen",
    "internal/tag",
    "internal/triegen",
    "internal/ucd",
    "language",
    "secure/bidirule",
    "transform",
    "unicode/bidi",
    "unicode/cldr",
    "unicode/norm",
    "unicode/rangetable",
  ]
  pruneopts = "UT"
  revision = "f21a4dfb5e38f5895301dc265a8def02365cc3d0"
  version = "v0.3.0"

[[projects]]
  branch = "master"
  digest = "1:56b0bca90b7e5d1facf5fbdacba23e4e0ce069d25381b8e2f70ef1e7ebfb9c1a"
  name = "google.golang.org/genproto"
  packages = ["googleapis/rpc/status"]
  pruneopts = "UT"
  revision = "94acd270e44e65579b9ee3cdab25034d33fed608"

[[projects]]
  digest = "1:c91f531431e38fdb3172acc315845998993e55bbeb5bcf726ff3922fd1c98ddd"
  name = "google.golang.org/grpc"
  packages = [
    ".",
    "balancer",
    "codes",
    "connectivity",
    "credentials",
    "grpclb/grpc_lb_v1/messages",
    "grpclog",
    "internal",
    "keepalive",
    "metadata",
    "naming",
    "peer",
    "resolver",
    "stats",
    "status",
    "tap",
    "transport",
  ]
  pruneopts = "UT"
  revision = "5b3c4e850e90a4cf6a20ebd46c8b32a0a3afcb9e"
  version = "v1.7.5"

[solve-meta]
  analyzer-name = "dep"
  analyzer-version = 1
  input-imports = [
    "github.com/gogo/protobuf/gogoproto",
    "github.com/gogo/protobuf/proto",
    "github.com/iov-one/weave",
    "github.com/iov-one/weave/app",
    "github.com/iov-one/weave/cmd/bcpd/app",
    "github.com/iov-one/weave/commands",
    "github.com/iov-one/weave/commands/server",
    "github.com/iov-one/weave/crypto",
    "github.com/iov-one/weave/errors",
    "github.com/iov-one/weave/orm",
    "github.com/iov-one/weave/store/iavl",
    "github.com/iov-one/weave/x",
    "github.com/iov-one/weave/x/cash",
    "github.com/iov-one/weave/x/escrow",
    "github.com/iov-one/weave/x/hashlock",
    "github.com/iov-one/weave/x/multisig",
    "github.com/iov-one/weave/x/namecoin",
    "github.com/iov-one/weave/x/sigs",
    "github.com/iov-one/weave/x/utils",
    "github.com/iov-one/weave/x/validators",
    "github.com/jinzhu/copier",
    "github.com/lehajam/protoc-gen-weave/x/bucket",
    "github.com/stretchr/testify/assert",
    "github.com/stretchr/testify/require",
    "github.com/tendermint/abci/types",
    "github.com/tendermint/tmlibs/common",
    "github.com/tendermint/tmlibs/log",
  ]
  solver-name = "gps-cdcl"
  solver-version = 1
